
Microsoft Visual Studio Solution File, Format Version 12.00
# Visual Studio Version 17
VisualStudioVersion = 17.14.36811.4
MinimumVisualStudioVersion = 10.0.40219.1
Project("{FAE04EC0-301F-11D3-BF4B-00C04F79EFBC}") = "Day02_Variables_DataTypes", "fundamentals\Day02_Variables_DataTypes\Day02_Variables_DataTypes\Day02_Variables_DataTypes.csproj", "{1C288CA7-3C58-4EFD-9F24-41B1833043C3}"
EndProject
Project("{FAE04EC0-301F-11D3-BF4B-00C04F79EFBC}") = "Day03_ConditionsLoops", "Fundamentals\Day03_ConditionsLoops\Day03_ConditionsLoops\Day03_ConditionsLoops.csproj", "{DBA82A75-E64B-466D-8889-7A9C328BE883}"
EndProject
Project("{FAE04EC0-301F-11D3-BF4B-00C04F79EFBC}") = "Day04_Arrays_Lists", "fundamentals\Day04_Arrays_Lists\Day04_Arrays_Lists\Day04_Arrays_Lists.csproj", "{E9787650-B6C8-4862-9C47-FF61CFD3D1BB}"
EndProject
Project("{FAE04EC0-301F-11D3-BF4B-00C04F79EFBC}") = "Day05_Dictionary", "Fundamentals\Day05_Dictionary\Day05_Dictionary\Day05_Dictionary.csproj", "{A89E86F8-02DC-4B7A-A3A5-8A8AA9E1E721}"
EndProject
Project("{2150E333-8FDC-42A3-9474-1A3956D46DE8}") = "Solution Items", "Solution Items", "{8EC462FD-D22E-90A8-E5CE-7E832BA40C5D}"
	ProjectSection(SolutionItems) = preProject
		README.md = README.md
	EndProjectSection
EndProject
Project("{FAE04EC0-301F-11D3-BF4B-00C04F79EFBC}") = "Day01_HelloWorld", "Fundamentals\Day01_HelloWorld\Day01_HelloWorld.csproj", "{D8577639-749A-9743-066D-189FC92D7930}"
EndProject
Project("{FAE04EC0-301F-11D3-BF4B-00C04F79EFBC}") = "Day06_Classes_Objects", "Fundamentals\Day06_Classes_Objects\Day06_Classes_Objects\Day06_Classes_Objects.csproj", "{85DD981E-5A2F-3B9A-1929-0B61D1013723}"
EndProject
Project("{FAE04EC0-301F-11D3-BF4B-00C04F79EFBC}") = "Day07_Inheritance_Polymorphism", "Fundamentals\Day07_Inheritance_Polymorphism\Day07_Inheritance_Polymorphism\Day07_Inheritance_Polymorphism.csproj", "{65DEBAB6-5658-499F-A55B-622D1BFC03A0}"
EndProject
Project("{FAE04EC0-301F-11D3-BF4B-00C04F79EFBC}") = "Day08_Interfaces_Abstraction", "Fundamentals\Day08_Interfaces_Abstraction\Day08_Interfaces_Abstraction\Day08_Interfaces_Abstraction.csproj", "{4446F029-DE15-4D12-B890-23AECE243A20}"
EndProject
Global
	GlobalSection(SolutionConfigurationPlatforms) = preSolution
		Debug|Any CPU = Debug|Any CPU
		Release|Any CPU = Release|Any CPU
	EndGlobalSection
	GlobalSection(ProjectConfigurationPlatforms) = postSolution
		{1C288CA7-3C58-4EFD-9F24-41B1833043C3}.Debug|Any CPU.ActiveCfg = Debug|Any CPU
		{1C288CA7-3C58-4EFD-9F24-41B1833043C3}.Debug|Any CPU.Build.0 = Debug|Any CPU
		{1C288CA7-3C58-4EFD-9F24-41B1833043C3}.Release|Any CPU.ActiveCfg = Release|Any CPU
		{1C288CA7-3C58-4EFD-9F24-41B1833043C3}.Release|Any CPU.Build.0 = Release|Any CPU
		{DBA82A75-E64B-466D-8889-7A9C328BE883}.Debug|Any CPU.ActiveCfg = Debug|Any CPU
		{DBA82A75-E64B-466D-8889-7A9C328BE883}.Debug|Any CPU.Build.0 = Debug|Any CPU
		{DBA82A75-E64B-466D-8889-7A9C328BE883}.Release|Any CPU.ActiveCfg = Release|Any CPU
		{DBA82A75-E64B-466D-8889-7A9C328BE883}.Release|Any CPU.Build.0 = Release|Any CPU
		{E9787650-B6C8-4862-9C47-FF61CFD3D1BB}.Debug|Any CPU.ActiveCfg = Debug|Any CPU
		{E9787650-B6C8-4862-9C47-FF61CFD3D1BB}.Debug|Any CPU.Build.0 = Debug|Any CPU
		{E9787650-B6C8-4862-9C47-FF61CFD3D1BB}.Release|Any CPU.ActiveCfg = Release|Any CPU
		{E9787650-B6C8-4862-9C47-FF61CFD3D1BB}.Release|Any CPU.Build.0 = Release|Any CPU
		{A89E86F8-02DC-4B7A-A3A5-8A8AA9E1E721}.Debug|Any CPU.ActiveCfg = Debug|Any CPU
		{A89E86F8-02DC-4B7A-A3A5-8A8AA9E1E721}.Debug|Any CPU.Build.0 = Debug|Any CPU
		{A89E86F8-02DC-4B7A-A3A5-8A8AA9E1E721}.Release|Any CPU.ActiveCfg = Release|Any CPU
		{A89E86F8-02DC-4B7A-A3A5-8A8AA9E1E721}.Release|Any CPU.Build.0 = Release|Any CPU
		{D8577639-749A-9743-066D-189FC92D7930}.Debug|Any CPU.ActiveCfg = Debug|Any CPU
		{D8577639-749A-9743-066D-189FC92D7930}.Debug|Any CPU.Build.0 = Debug|Any CPU
		{D8577639-749A-9743-066D-189FC92D7930}.Release|Any CPU.ActiveCfg = Release|Any CPU
		{D8577639-749A-9743-066D-189FC92D7930}.Release|Any CPU.Build.0 = Release|Any CPU
		{85DD981E-5A2F-3B9A-1929-0B61D1013723}.Debug|Any CPU.ActiveCfg = Debug|Any CPU
		{85DD981E-5A2F-3B9A-1929-0B61D1013723}.Debug|Any CPU.Build.0 = Debug|Any CPU
		{85DD981E-5A2F-3B9A-1929-0B61D1013723}.Release|Any CPU.ActiveCfg = Release|Any CPU
		{85DD981E-5A2F-3B9A-1929-0B61D1013723}.Release|Any CPU.Build.0 = Release|Any CPU
		{65DEBAB6-5658-499F-A55B-622D1BFC03A0}.Debug|Any CPU.ActiveCfg = Debug|Any CPU
		{65DEBAB6-5658-499F-A55B-622D1BFC03A0}.Debug|Any CPU.Build.0 = Debug|Any CPU
		{65DEBAB6-5658-499F-A55B-622D1BFC03A0}.Release|Any CPU.ActiveCfg = Release|Any CPU
		{65DEBAB6-5658-499F-A55B-622D1BFC03A0}.Release|Any CPU.Build.0 = Release|Any CPU
		{4446F029-DE15-4D12-B890-23AECE243A20}.Debug|Any CPU.ActiveCfg = Debug|Any CPU
		{4446F029-DE15-4D12-B890-23AECE243A20}.Debug|Any CPU.Build.0 = Debug|Any CPU
		{4446F029-DE15-4D12-B890-23AECE243A20}.Release|Any CPU.ActiveCfg = Release|Any CPU
		{4446F029-DE15-4D12-B890-23AECE243A20}.Release|Any CPU.Build.0 = Release|Any CPU
	EndGlobalSection
	GlobalSection(SolutionProperties) = preSolution
		HideSolutionNode = FALSE
	EndGlobalSection
	GlobalSection(ExtensibilityGlobals) = postSolution
		SolutionGuid = {441F79F6-F6D6-4DF7-887F-30DD46143083}
	EndGlobalSection
EndGlobal
